
Microsoft Visual Studio Solution File, Format Version 12.00
# Visual Studio Version 17
VisualStudioVersion = 17.8.34004.107
MinimumVisualStudioVersion = 10.0.40219.1
Project("{FAE04EC0-301F-11D3-BF4B-00C04F79EFBC}") = "WebAPI", "WebAPI\WebAPI.csproj", "{D9DB141F-BE4F-4229-BEDB-9FCF5859C3DB}"
EndProject
Project("{FAE04EC0-301F-11D3-BF4B-00C04F79EFBC}") = "Tests", "Tests\Tests.csproj", "{C836A2C1-D6B7-4475-BC61-5E1EEE036EB1}"
EndProject
Project("{FAE04EC0-301F-11D3-BF4B-00C04F79EFBC}") = "Core", "Core\Core.csproj", "{B0DD43F3-738B-44D8-B3FB-0899E47891C9}"
EndProject
Global
	GlobalSection(SolutionConfigurationPlatforms) = preSolution
		Debug|Any CPU = Debug|Any CPU
		Release|Any CPU = Release|Any CPU
	EndGlobalSection
	GlobalSection(ProjectConfigurationPlatforms) = postSolution
		{D9DB141F-BE4F-4229-BEDB-9FCF5859C3DB}.Debug|Any CPU.ActiveCfg = Debug|Any CPU
		{D9DB141F-BE4F-4229-BEDB-9FCF5859C3DB}.Debug|Any CPU.Build.0 = Debug|Any CPU
		{D9DB141F-BE4F-4229-BEDB-9FCF5859C3DB}.Release|Any CPU.ActiveCfg = Release|Any CPU
		{D9DB141F-BE4F-4229-BEDB-9FCF5859C3DB}.Release|Any CPU.Build.0 = Release|Any CPU
		{C836A2C1-D6B7-4475-BC61-5E1EEE036EB1}.Debug|Any CPU.ActiveCfg = Debug|Any CPU
		{C836A2C1-D6B7-4475-BC61-5E1EEE036EB1}.Debug|Any CPU.Build.0 = Debug|Any CPU
		{C836A2C1-D6B7-4475-BC61-5E1EEE036EB1}.Release|Any CPU.ActiveCfg = Release|Any CPU
		{C836A2C1-D6B7-4475-BC61-5E1EEE036EB1}.Release|Any CPU.Build.0 = Release|Any CPU
		{B0DD43F3-738B-44D8-B3FB-0899E47891C9}.Debug|Any CPU.ActiveCfg = Debug|Any CPU
		{B0DD43F3-738B-44D8-B3FB-0899E47891C9}.Debug|Any CPU.Build.0 = Debug|Any CPU
		{B0DD43F3-738B-44D8-B3FB-0899E47891C9}.Release|Any CPU.ActiveCfg = Release|Any CPU
		{B0DD43F3-738B-44D8-B3FB-0899E47891C9}.Release|Any CPU.Build.0 = Release|Any CPU
	EndGlobalSection
	GlobalSection(SolutionProperties) = preSolution
		HideSolutionNode = FALSE
	EndGlobalSection
	GlobalSection(ExtensibilityGlobals) = postSolution
		SolutionGuid = {60E9ED67-DFBC-4078-985F-97A035862A1D}
	EndGlobalSection
EndGlobal
